// !$*UTF8*$!
{
	archiveVersion = 1;
	classes = {
	};
	objectVersion = 46;
	objects = {

/* Begin PBXBuildFile section */
		CD8031521F7A28D8008AF82B /* AppDelegate.swift in Sources */ = {isa = PBXBuildFile; fileRef = CD8031511F7A28D8008AF82B /* AppDelegate.swift */; };
		CD8031541F7A28D8008AF82B /* ViewController.swift in Sources */ = {isa = PBXBuildFile; fileRef = CD8031531F7A28D8008AF82B /* ViewController.swift */; };
		CD8031571F7A28D8008AF82B /* Main.storyboard in Resources */ = {isa = PBXBuildFile; fileRef = CD8031551F7A28D8008AF82B /* Main.storyboard */; };
		CD8031591F7A28D8008AF82B /* Assets.xcassets in Resources */ = {isa = PBXBuildFile; fileRef = CD8031581F7A28D8008AF82B /* Assets.xcassets */; };
		CD80315C1F7A28D8008AF82B /* LaunchScreen.storyboard in Resources */ = {isa = PBXBuildFile; fileRef = CD80315A1F7A28D8008AF82B /* LaunchScreen.storyboard */; };
		CD8031641F7A366A008AF82B /* OrderViewController.swift in Sources */ = {isa = PBXBuildFile; fileRef = CD8031631F7A366A008AF82B /* OrderViewController.swift */; };
		CD8031661F7A3EE8008AF82B /* appIcon.png in Resources */ = {isa = PBXBuildFile; fileRef = CD8031651F7A3EE8008AF82B /* appIcon.png */; };
/* End PBXBuildFile section */

/* Begin PBXFileReference section */
		CD80314E1F7A28D8008AF82B /* W05-Scene.app */ = {isa = PBXFileReference; explicitFileType = wrapper.application; includeInIndex = 0; path = "W05-Scene.app"; sourceTree = BUILT_PRODUCTS_DIR; };
		CD8031511F7A28D8008AF82B /* AppDelegate.swift */ = {isa = PBXFileReference; lastKnownFileType = sourcecode.swift; path = AppDelegate.swift; sourceTree = "<group>"; };
		CD8031531F7A28D8008AF82B /* ViewController.swift */ = {isa = PBXFileReference; lastKnownFileType = sourcecode.swift; path = ViewController.swift; sourceTree = "<group>"; };
		CD8031561F7A28D8008AF82B /* Base */ = {isa = PBXFileReference; lastKnownFileType = file.storyboard; name = Base; path = Base.lproj/Main.storyboard; sourceTree = "<group>"; };
		CD8031581F7A28D8008AF82B /* Assets.xcassets */ = {isa = PBXFileReference; lastKnownFileType = folder.assetcatalog; path = Assets.xcassets; sourceTree = "<group>"; };
		CD80315B1F7A28D8008AF82B /* Base */ = {isa = PBXFileReference; lastKnownFileType = file.storyboard; name = Base; path = Base.lproj/LaunchScreen.storyboard; sourceTree = "<group>"; };
		CD80315D1F7A28D8008AF82B /* Info.plist */ = {isa = PBXFileReference; lastKnownFileType = text.plist.xml; path = Info.plist; sourceTree = "<group>"; };
		CD8031631F7A366A008AF82B /* OrderViewController.swift */ = {isa = PBXFileReference; fileEncoding = 4; lastKnownFileType = sourcecode.swift; path = OrderViewController.swift; sourceTree = "<group>"; };
		CD8031651F7A3EE8008AF82B /* appIcon.png */ = {isa = PBXFileReference; lastKnownFileType = image.png; path = appIcon.png; sourceTree = "<group>"; };
/* End PBXFileReference section */

/* Begin PBXFrameworksBuildPhase section */
		CD80314B1F7A28D8008AF82B /* Frameworks */ = {
			isa = PBXFrameworksBuildPhase;
			buildActionMask = 2147483647;
			files = (
			);
			runOnlyForDeploymentPostprocessing = 0;
		};
/* End PBXFrameworksBuildPhase section */

/* Begin PBXGroup section */
		CD8031451F7A28D8008AF82B = {
			isa = PBXGroup;
			children = (
				CD8031501F7A28D8008AF82B /* W05-Scene */,
				CD80314F1F7A28D8008AF82B /* Products */,
			);
			sourceTree = "<group>";
		};
		CD80314F1F7A28D8008AF82B /* Products */ = {
			isa = PBXGroup;
			children = (
				CD80314E1F7A28D8008AF82B /* W05-Scene.app */,
			);
			name = Products;
			sourceTree = "<group>";
		};
		CD8031501F7A28D8008AF82B /* W05-Scene */ = {
			isa = PBXGroup;
			children = (
				CD8031651F7A3EE8008AF82B /* appIcon.png */,
				CD8031511F7A28D8008AF82B /* AppDelegate.swift */,
				CD8031531F7A28D8008AF82B /* ViewController.swift */,
				CD8031551F7A28D8008AF82B /* Main.storyboard */,
				CD8031581F7A28D8008AF82B /* Assets.xcassets */,
				CD80315A1F7A28D8008AF82B /* LaunchScreen.storyboard */,
				CD80315D1F7A28D8008AF82B /* Info.plist */,
				CD8031631F7A366A008AF82B /* OrderViewController.swift */,
			);
			path = "W05-Scene";
			sourceTree = "<group>";
		};
/* End PBXGroup section */

/* Begin PBXNativeTarget section */
		CD80314D1F7A28D8008AF82B /* W05-Scene */ = {
			isa = PBXNativeTarget;
			buildConfigurationList = CD8031601F7A28D8008AF82B /* Build configuration list for PBXNativeTarget "W05-Scene" */;
			buildPhases = (
				CD80314A1F7A28D8008AF82B /* Sources */,
				CD80314B1F7A28D8008AF82B /* Frameworks */,
				CD80314C1F7A28D8008AF82B /* Resources */,
			);
			buildRules = (
			);
			dependencies = (
			);
			name = "W05-Scene";
			productName = "W05-Scene";
			productReference = CD80314E1F7A28D8008AF82B /* W05-Scene.app */;
			productType = "com.apple.product-type.application";
		};
/* End PBXNativeTarget section */

/* Begin PBXProject section */
		CD8031461F7A28D8008AF82B /* Project object */ = {
			isa = PBXProject;
			attributes = {
				LastSwiftUpdateCheck = 0830;
				LastUpgradeCheck = 0830;
				ORGANIZATIONNAME = SWUCOMPUTER;
				TargetAttributes = {
					CD80314D1F7A28D8008AF82B = {
						CreatedOnToolsVersion = 8.3.3;
						ProvisioningStyle = Automatic;
					};
				};
			};
			buildConfigurationList = CD8031491F7A28D8008AF82B /* Build configuration list for PBXProject "W05-Scene" */;
			compatibilityVersion = "Xcode 3.2";
			developmentRegion = English;
			hasScannedForEncodings = 0;
			knownRegions = (
				en,
				Base,
			);
			mainGroup = CD8031451F7A28D8008AF82B;
			productRefGroup = CD80314F1F7A28D8008AF82B /* Products */;
			projectDirPath = "";
			projectRoot = "";
			targets = (
				CD80314D1F7A28D8008AF82B /* W05-Scene */,
			);
		};
/* End PBXProject section */

/* Begin PBXResourcesBuildPhase section */
		CD80314C1F7A28D8008AF82B /* Resources */ = {
			isa = PBXResourcesBuildPhase;
			buildActionMask = 2147483647;
			files = (
				CD8031661F7A3EE8008AF82B /* appIcon.png in Resources */,
				CD80315C1F7A28D8008AF82B /* LaunchScreen.storyboard in Resources */,
				CD8031591F7A28D8008AF82B /* Assets.xcassets in Resources */,
				CD8031571F7A28D8008AF82B /* Main.storyboard in Resources */,
			);
			runOnlyForDeploymentPostprocessing = 0;
		};
/* End PBXResourcesBuildPhase section */

/* Begin PBXSourcesBuildPhase section */
		CD80314A1F7A28D8008AF82B /* Sources */ = {
			isa = PBXSourcesBuildPhase;
			buildActionMask = 2147483647;
			files = (
				CD8031541F7A28D8008AF82B /* ViewController.swift in Sources */,
				CD8031521F7A28D8008AF82B /* AppDelegate.swift in Sources */,
				CD8031641F7A366A008AF82B /* OrderViewController.swift in Sources */,
			);
			runOnlyForDeploymentPostprocessing = 0;
		};
/* End PBXSourcesBuildPhase section */

/* Begin PBXVariantGroup section */
		CD8031551F7A28D8008AF82B /* Main.storyboard */ = {
			isa = PBXVariantGroup;
			children = (
				CD8031561F7A28D8008AF82B /* Base */,
			);
			name = Main.storyboard;
			sourceTree = "<group>";
		};
		CD80315A1F7A28D8008AF82B /* LaunchScreen.storyboard */ = {
			isa = PBXVariantGroup;
			children = (
				CD80315B1F7A28D8008AF82B /* Base */,
			);
			name = LaunchScreen.storyboard;
			sourceTree = "<group>";
		};
/* End PBXVariantGroup section */

/* Begin XCBuildConfiguration section */
		CD80315E1F7A28D8008AF82B /* Debug */ = {
			isa = XCBuildConfiguration;
			buildSettings = {
				ALWAYS_SEARCH_USER_PATHS = NO;
				CLANG_ANALYZER_NONNULL = YES;
				CLANG_ANALYZER_NUMBER_OBJECT_CONVERSION = YES_AGGRESSIVE;
				CLANG_CXX_LANGUAGE_STANDARD = "gnu++0x";
				CLANG_CXX_LIBRARY = "libc++";
				CLANG_ENABLE_MODULES = YES;
				CLANG_ENABLE_OBJC_ARC = YES;
				CLANG_WARN_BOOL_CONVERSION = YES;
				CLANG_WARN_CONSTANT_CONVERSION = YES;
				CLANG_WARN_DIRECT_OBJC_ISA_USAGE = YES_ERROR;
				CLANG_WARN_DOCUMENTATION_COMMENTS = YES;
				CLANG_WARN_EMPTY_BODY = YES;
				CLANG_WARN_ENUM_CONVERSION = YES;
				CLANG_WARN_INFINITE_RECURSION = YES;
				CLANG_WARN_INT_CONVERSION = YES;
				CLANG_WARN_OBJC_ROOT_CLASS = YES_ERROR;
				CLANG_WARN_SUSPICIOUS_MOVE = YES;
				CLANG_WARN_UNREACHABLE_CODE = YES;
				CLANG_WARN__DUPLICATE_METHOD_MATCH = YES;
				"CODE_SIGN_IDENTITY[sdk=iphoneos*]" = "iPhone Developer";
				COPY_PHASE_STRIP = NO;
				DEBUG_INFORMATION_FORMAT = dwarf;
				ENABLE_STRICT_OBJC_MSGSEND = YES;
				ENABLE_TESTABILITY = YES;
				GCC_C_LANGUAGE_STANDARD = gnu99;
				GCC_DYNAMIC_NO_PIC = NO;
				GCC_NO_COMMON_BLOCKS = YES;
				GCC_OPTIMIZATION_LEVEL = 0;
				GCC_PREPROCESSOR_DEFINITIONS = (
					"DEBUG=1",
					"$(inherited)",
				);
				GCC_WARN_64_TO_32_BIT_CONVERSION = YES;
				GCC_WARN_ABOUT_RETURN_TYPE = YES_ERROR;
				GCC_WARN_UNDECLARED_SELECTOR = YES;
				GCC_WARN_UNINITIALIZED_AUTOS = YES_AGGRESSIVE;
				GCC_WARN_UNUSED_FUNCTION = YES;
				GCC_WARN_UNUSED_VARIABLE = YES;
				IPHONEOS_DEPLOYMENT_TARGET = 10.3;
				MTL_ENABLE_DEBUG_INFO = YES;
				ONLY_ACTIVE_ARCH = YES;
				SDKROOT = iphoneos;
				SWIFT_ACTIVE_COMPILATION_CONDITIONS = DEBUG;
				SWIFT_OPTIMIZATION_LEVEL = "-Onone";
				TARGETED_DEVICE_FAMILY = "1,2";
			};
			name = Debug;
		};
		CD80315F1F7A28D8008AF82B /* Release */ = {
			isa = XCBuildConfiguration;
			buildSettings = {
				ALWAYS_SEARCH_USER_PATHS = NO;
				CLANG_ANALYZER_NONNULL = YES;
				CLANG_ANALYZER_NUMBER_OBJECT_CONVERSION = YES_AGGRESSIVE;
				CLANG_CXX_LANGUAGE_STANDARD = "gnu++0x";
				CLANG_CXX_LIBRARY = "libc++";
				CLANG_ENABLE_MODULES = YES;
				CLANG_ENABLE_OBJC_ARC = YES;
				CLANG_WARN_BOOL_CONVERSION = YES;
				CLANG_WARN_CONSTANT_CONVERSION = YES;
				CLANG_WARN_DIRECT_OBJC_ISA_USAGE = YES_ERROR;
				CLANG_WARN_DOCUMENTATION_COMMENTS = YES;
				CLANG_WARN_EMPTY_BODY = YES;
				CLANG_WARN_ENUM_CONVERSION = YES;
				CLANG_WARN_INFINITE_RECURSION = YES;
				CLANG_WARN_INT_CONVERSION = YES;
				CLANG_WARN_OBJC_ROOT_CLASS = YES_ERROR;
				CLANG_WARN_SUSPICIOUS_MOVE = YES;
				CLANG_WARN_UNREACHABLE_CODE = YES;
				CLANG_WARN__DUPLICATE_METHOD_MATCH = YES;
				"CODE_SIGN_IDENTITY[sdk=iphoneos*]" = "iPhone Developer";
				COPY_PHASE_STRIP = NO;
				DEBUG_INFORMATION_FORMAT = "dwarf-with-dsym";
				ENABLE_NS_ASSERTIONS = NO;
				ENABLE_STRICT_OBJC_MSGSEND = YES;
				GCC_C_LANGUAGE_STANDARD = gnu99;
				GCC_NO_COMMON_BLOCKS = YES;
				GCC_WARN_64_TO_32_BIT_CONVERSION = YES;
				GCC_WARN_ABOUT_RETURN_TYPE = YES_ERROR;
				GCC_WARN_UNDECLARED_SELECTOR = YES;
				GCC_WARN_UNINITIALIZED_AUTOS = YES_AGGRESSIVE;
				GCC_WARN_UNUSED_FUNCTION = YES;
				GCC_WARN_UNUSED_VARIABLE = YES;
				IPHONEOS_DEPLOYMENT_TARGET = 10.3;
				MTL_ENABLE_DEBUG_INFO = NO;
				SDKROOT = iphoneos;
				SWIFT_OPTIMIZATION_LEVEL = "-Owholemodule";
				TARGETED_DEVICE_FAMILY = "1,2";
				VALIDATE_PRODUCT = YES;
			};
			name = Release;
		};
		CD8031611F7A28D8008AF82B /* Debug */ = {
			isa = XCBuildConfiguration;
			buildSettings = {
				ASSETCATALOG_COMPILER_APPICON_NAME = AppIcon;
				INFOPLIST_FILE = "W05-Scene/Info.plist";
				LD_RUNPATH_SEARCH_PATHS = "$(inherited) @executable_path/Frameworks";
				PRODUCT_BUNDLE_IDENTIFIER = "com.swu.W05-Scene";
				PRODUCT_NAME = "$(TARGET_NAME)";
				SWIFT_VERSION = 3.0;
			};
			name = Debug;
		};
		CD8031621F7A28D8008AF82B /* Release */ = {
			isa = XCBuildConfiguration;
			buildSettings = {
				ASSETCATALOG_COMPILER_APPICON_NAME = AppIcon;
				INFOPLIST_FILE = "W05-Scene/Info.plist";
				LD_RUNPATH_SEARCH_PATHS = "$(inherited) @executable_path/Frameworks";
				PRODUCT_BUNDLE_IDENTIFIER = "com.swu.W05-Scene";
				PRODUCT_NAME = "$(TARGET_NAME)";
				SWIFT_VERSION = 3.0;
			};
			name = Release;
		};
/* End XCBuildConfiguration section */

/* Begin XCConfigurationList section */
		CD8031491F7A28D8008AF82B /* Build configuration list for PBXProject "W05-Scene" */ = {
			isa = XCConfigurationList;
			buildConfigurations = (
				CD80315E1F7A28D8008AF82B /* Debug */,
				CD80315F1F7A28D8008AF82B /* Release */,
			);
			defaultConfigurationIsVisible = 0;
			defaultConfigurationName = Release;
		};
		CD8031601F7A28D8008AF82B /* Build configuration list for PBXNativeTarget "W05-Scene" */ = {
			isa = XCConfigurationList;
			buildConfigurations = (
				CD8031611F7A28D8008AF82B /* Debug */,
				CD8031621F7A28D8008AF82B /* Release */,
			);
			defaultConfigurationIsVisible = 0;
		};
/* End XCConfigurationList section */
	};
	rootObject = CD8031461F7A28D8008AF82B /* Project object */;
}
